<?xml version="1.0" encoding="utf-8"?>
<Project ToolsVersion="4.0" xmlns="http://schemas.microsoft.com/developer/msbuild/2003">
  <ItemGroup>
    <Filter Include="Source Files">
      <UniqueIdentifier>{4FC737F1-C7A5-4376-A066-2A32D752A2FF}</UniqueIdentifier>
      <Extensions>cpp;c;cc;cxx;def;odl;idl;hpj;bat;asm;asmx</Extensions>
    </Filter>
    <Filter Include="Header Files">
      <UniqueIdentifier>{93995380-89BD-4b04-88EB-625FBE52EBFB}</UniqueIdentifier>
      <Extensions>h;hh;hpp;hxx;hm;inl;inc;xsd</Extensions>
    </Filter>
    <Filter Include="Resource Files">
      <UniqueIdentifier>{67DA6AB6-F800-4c08-8B7A-83BB121AAD01}</UniqueIdentifier>
      <Extensions>rc;ico;cur;bmp;dlg;rc2;rct;bin;rgs;gif;jpg;jpeg;jpe;resx;tiff;tif;png;wav</Extensions>
    </Filter>
  </ItemGroup>
  <ItemGroup>
    <ClCompile Include="src\aes\aes-utl.cpp">
      <Filter>Source Files</Filter>
    </ClCompile>
    <ClCompile Include="src\aes\aes.cpp">
      <Filter>Source Files</Filter>
    </ClCompile>
    <ClCompile Include="src\aes\SHA256.cpp">
      <Filter>Source Files</Filter>
    </ClCompile>
    <ClCompile Include="src\archiver\arcfile.cpp">
      <Filter>Source Files</Filter>
    </ClCompile>
    <ClCompile Include="src\archiver\archiver.cpp">
      <Filter>Source Files</Filter>
    </ClCompile>
  </ItemGroup>
  <ItemGroup>
    <ClInclude Include="include\ouchilib\aes.hpp">
      <Filter>Header Files</Filter>
    </ClInclude>
    <ClInclude Include="include\ouchilib\archiver.hpp">
      <Filter>Header Files</Filter>
    </ClInclude>
    <ClInclude Include="include\ouchilib\log.hpp">
      <Filter>Header Files</Filter>
    </ClInclude>
    <ClInclude Include="include\ouchilib\aes\aes-utl.hpp">
      <Filter>Header Files</Filter>
    </ClInclude>
    <ClInclude Include="include\ouchilib\aes\aes.hpp">
      <Filter>Header Files</Filter>
    </ClInclude>
    <ClInclude Include="include\ouchilib\aes\key.hpp">
      <Filter>Header Files</Filter>
    </ClInclude>
    <ClInclude Include="include\ouchilib\aes\SHA256.hpp">
      <Filter>Header Files</Filter>
    </ClInclude>
    <ClInclude Include="include\ouchilib\archiver\arcfile.hpp">
      <Filter>Header Files</Filter>
    </ClInclude>
    <ClInclude Include="include\ouchilib\archiver\archiver.hpp">
      <Filter>Header Files</Filter>
    </ClInclude>
    <ClInclude Include="include\ouchilib\log\format.hpp">
      <Filter>Header Files</Filter>
    </ClInclude>
    <ClInclude Include="include\ouchilib\log\out.hpp">
      <Filter>Header Files</Filter>
    </ClInclude>
    <ClInclude Include="include\ouchilib\log\rule.hpp">
      <Filter>Header Files</Filter>
    </ClInclude>
    <ClInclude Include="include\ouchilib\tokenizer\separator.hpp">
      <Filter>Header Files</Filter>
    </ClInclude>
    <ClInclude Include="include\ouchilib\tokenizer\tokenizer.hpp">
      <Filter>Header Files</Filter>
    </ClInclude>
    <ClInclude Include="include\ouchilib\utl\convertible.hpp">
      <Filter>Header Files</Filter>
    </ClInclude>
    <ClInclude Include="include\ouchilib\utl\fps-counter.hpp">
      <Filter>Header Files</Filter>
    </ClInclude>
    <ClInclude Include="include\ouchilib\utl\meta-helper.hpp">
      <Filter>Header Files</Filter>
    </ClInclude>
    <ClInclude Include="include\ouchilib\utl\property.hpp">
      <Filter>Header Files</Filter>
    </ClInclude>
    <ClInclude Include="include\ouchilib\utl\stream-traits.hpp">
      <Filter>Header Files</Filter>
    </ClInclude>
    <ClInclude Include="include\ouchilib\utl\time-measure.hpp">
      <Filter>Header Files</Filter>
    </ClInclude>
    <ClInclude Include="include\ouchilib\utl\time_keeper.hpp">
      <Filter>Header Files</Filter>
    </ClInclude>
    <ClInclude Include="test\time\measure-time-test.hpp">
      <Filter>Header Files</Filter>
    </ClInclude>
    <ClInclude Include="include\ouchilib\parser\csv.hpp">
      <Filter>Header Files</Filter>
    </ClInclude>
    <ClInclude Include="include\ouchilib\tokenizer\tokenize_algorithm.hpp">
      <Filter>Header Files</Filter>
    </ClInclude>
    <ClInclude Include="include\ouchilib\utl\multiitr.hpp">
      <Filter>Header Files</Filter>
    </ClInclude>
    <ClInclude Include="include\ouchilib\thread\thread-pool.hpp">
      <Filter>Header Files</Filter>
    </ClInclude>
    <ClInclude Include="include\ouchilib\thread\work.hpp">
      <Filter>Header Files</Filter>
    </ClInclude>
    <ClInclude Include="include\ouchilib\thread\task.hpp">
      <Filter>Header Files</Filter>
    </ClInclude>
    <ClInclude Include="include\ouchilib\thread\tasksystem.hpp">
      <Filter>Header Files</Filter>
    </ClInclude>
  </ItemGroup>
</Project>