<?xml version="1.0" encoding="utf-8"?>
<Project ToolsVersion="4.0" xmlns="http://schemas.microsoft.com/developer/msbuild/2003">
  <ItemGroup>
    <Filter Include="Source Files">
      <UniqueIdentifier>{4FC737F1-C7A5-4376-A066-2A32D752A2FF}</UniqueIdentifier>
      <Extensions>cpp;c;cc;cxx;def;odl;idl;hpj;bat;asm;asmx</Extensions>
    </Filter>
    <Filter Include="Header Files">
      <UniqueIdentifier>{93995380-89BD-4b04-88EB-625FBE52EBFB}</UniqueIdentifier>
      <Extensions>h;hh;hpp;hxx;hm;inl;inc;xsd</Extensions>
    </Filter>
    <Filter Include="Resource Files">
      <UniqueIdentifier>{67DA6AB6-F800-4c08-8B7A-83BB121AAD01}</UniqueIdentifier>
      <Extensions>rc;ico;cur;bmp;dlg;rc2;rct;bin;rgs;gif;jpg;jpeg;jpe;resx;tiff;tif;png;wav</Extensions>
    </Filter>
  </ItemGroup>
  <ItemGroup>
    <ClInclude Include="include\ouchilib\log.hpp">
      <Filter>Header Files</Filter>
    </ClInclude>
    <ClInclude Include="include\ouchilib\log\format.hpp">
      <Filter>Header Files</Filter>
    </ClInclude>
    <ClInclude Include="include\ouchilib\log\out.hpp">
      <Filter>Header Files</Filter>
    </ClInclude>
    <ClInclude Include="include\ouchilib\log\rule.hpp">
      <Filter>Header Files</Filter>
    </ClInclude>
    <ClInclude Include="include\ouchilib\tokenizer\separator.hpp">
      <Filter>Header Files</Filter>
    </ClInclude>
    <ClInclude Include="include\ouchilib\tokenizer\tokenizer.hpp">
      <Filter>Header Files</Filter>
    </ClInclude>
    <ClInclude Include="include\ouchilib\utl\fps-counter.hpp">
      <Filter>Header Files</Filter>
    </ClInclude>
    <ClInclude Include="include\ouchilib\utl\meta-helper.hpp">
      <Filter>Header Files</Filter>
    </ClInclude>
    <ClInclude Include="include\ouchilib\utl\property.hpp">
      <Filter>Header Files</Filter>
    </ClInclude>
    <ClInclude Include="include\ouchilib\utl\stream-traits.hpp">
      <Filter>Header Files</Filter>
    </ClInclude>
    <ClInclude Include="include\ouchilib\utl\time-measure.hpp">
      <Filter>Header Files</Filter>
    </ClInclude>
    <ClInclude Include="include\ouchilib\utl\time_keeper.hpp">
      <Filter>Header Files</Filter>
    </ClInclude>
    <ClInclude Include="test\time\measure-time-test.hpp">
      <Filter>Header Files</Filter>
    </ClInclude>
    <ClInclude Include="include\ouchilib\parser\csv.hpp">
      <Filter>Header Files</Filter>
    </ClInclude>
    <ClInclude Include="include\ouchilib\tokenizer\tokenize_algorithm.hpp">
      <Filter>Header Files</Filter>
    </ClInclude>
    <ClInclude Include="include\ouchilib\utl\multiitr.hpp">
      <Filter>Header Files</Filter>
    </ClInclude>
    <ClInclude Include="include\ouchilib\thread\thread-pool.hpp">
      <Filter>Header Files</Filter>
    </ClInclude>
    <ClInclude Include="include\ouchilib\thread\work.hpp">
      <Filter>Header Files</Filter>
    </ClInclude>
    <ClInclude Include="include\ouchilib\thread\task.hpp">
      <Filter>Header Files</Filter>
    </ClInclude>
    <ClInclude Include="include\ouchilib\thread\tasksystem.hpp">
      <Filter>Header Files</Filter>
    </ClInclude>
    <ClInclude Include="include\ouchilib\program_options\option_value_restriction.hpp">
      <Filter>Header Files</Filter>
    </ClInclude>
    <ClInclude Include="include\ouchilib\program_options\option_value.hpp">
      <Filter>Header Files</Filter>
    </ClInclude>
    <ClInclude Include="include\ouchilib\utl\translator.hpp">
      <Filter>Header Files</Filter>
    </ClInclude>
    <ClInclude Include="include\ouchilib\utl\step.hpp">
      <Filter>Header Files</Filter>
    </ClInclude>
    <ClInclude Include="include\ouchilib\program_options\program_options_description.hpp">
      <Filter>Header Files</Filter>
    </ClInclude>
    <ClInclude Include="include\ouchilib\program_options\program_options_parser.hpp">
      <Filter>Header Files</Filter>
    </ClInclude>
    <ClInclude Include="include\ouchilib\program_options\key_parser.hpp">
      <Filter>Header Files</Filter>
    </ClInclude>
    <ClInclude Include="include\ouchilib\utl\indexed_iterator.hpp">
      <Filter>Header Files</Filter>
    </ClInclude>
    <ClInclude Include="include\ouchilib\crypto\cipher_mode.hpp">
      <Filter>Header Files</Filter>
    </ClInclude>
    <ClInclude Include="include\ouchilib\crypto\algorithm\aes.hpp">
      <Filter>Header Files</Filter>
    </ClInclude>
    <ClInclude Include="include\ouchilib\crypto\algorithm\oca.hpp">
      <Filter>Header Files</Filter>
    </ClInclude>
    <ClInclude Include="include\ouchilib\crypto\block_encoder.hpp">
      <Filter>Header Files</Filter>
    </ClInclude>
    <ClInclude Include="include\ouchilib\crypto\algorithm\aes_ni.hpp">
      <Filter>Header Files</Filter>
    </ClInclude>
    <ClInclude Include="include\ouchilib\crypto\common.hpp">
      <Filter>Header Files</Filter>
    </ClInclude>
    <ClInclude Include="include\ouchilib\crypto\algorithm\sha.hpp">
      <Filter>Header Files</Filter>
    </ClInclude>
    <ClInclude Include="include\ouchilib\data_structure\ring_buffer.hpp">
      <Filter>Header Files</Filter>
    </ClInclude>
    <ClInclude Include="include\ouchilib\crypto\algorithm\mugi.hpp">
      <Filter>Header Files</Filter>
    </ClInclude>
    <ClInclude Include="include\ouchilib\math\gf.hpp">
      <Filter>Header Files</Filter>
    </ClInclude>
    <ClInclude Include="include\ouchilib\math\matrix.hpp">
      <Filter>Header Files</Filter>
    </ClInclude>
  </ItemGroup>
</Project>